{
  "name": "dsh-loopx-replan-demo",
  "version": "0.1.0",
  "lockfileVersion": 3,
  "requires": true,
  "packages": {
    "": {
      "name": "dsh-loopx-replan-demo",
      "version": "0.1.0",
      "dependencies": {
        "roarr": "^7.21.7"
      }
    },
    "node_modules/fast-printf": {
      "version": "1.6.10",
      "resolved": "https://registry.npmjs.org/fast-printf/-/fast-printf-1.6.10.tgz",
      "integrity": "sha512-GwTgG9O4FVIdShhbVF3JxOgSBY2+ePGsu2V/UONgoCPzF9VY6ZdBMKsHKCYQHZwNk3qNouUolRDsgVxcVA5G1w==",
      "license": "BSD-3-Clause",
      "engines": {
        "node": ">=10.0"
      }
    },
    "node_modules/roarr": {
      "version": "7.21.7",
      "resolved": "https://registry.npmjs.org/roarr/-/roarr-7.21.7.tgz",
      "integrity": "sha512-6X9ID9jb83kPkDxm5xLb9rZdGm6ksdDjpeL0iW5weKelJFi+NVBSowRpEuH8CdpX2x+7RW0TZaezibE7yQB7pg==",
      "license": "BSD-3-Clause",
      "dependencies": {
        "fast-printf": "^1.6.9",
        "safe-stable-stringify": "^2.4.3",
        "semver-compare": "^1.0.0"
      },
      "engines": {
        "node": ">=18.0"
      }
    },
    "node_modules/safe-stable-stringify": {
      "version": "2.5.0",
      "resolved": "https://registry.npmjs.org/safe-stable-stringify/-/safe-stable-stringify-2.5.0.tgz",
      "integrity": "sha512-b3rppTKm9T+PsVCBEOUR46GWI7fdOs00VKZ1+9c1EWDaDMvjQc6tUwuFyIprgGgTcWoVHSKrU8H31ZHA2e0RHA==",
      "license": "MIT",
      "engines": {
        "node": ">=10"
      }
    },
    "node_modules/semver-compare": {
      "version": "1.0.0",
      "resolved": "https://registry.npmjs.org/semver-compare/-/semver-compare-1.0.0.tgz",
      "integrity": "sha512-YM3/ITh2MJ5MtzaM429anh+x2jiLVjqILF4m4oyQB18W7Ggea7BfqdH/wGMK7dDiMghv/6WG7znWMwUDzJiXow==",
      "license": "MIT"
    }
  }
}
